// !$*UTF8*$!
{
	archiveVersion = 1;
	classes = {
	};
	objectVersion = 56;
	objects = {

/* Begin PBXBuildFile section */
		8802594E2A25BA370010391B /* Workout_TrainingApp.swift in Sources */ = {isa = PBXBuildFile; fileRef = 8802594D2A25BA370010391B /* Workout_TrainingApp.swift */; };
		880259522A25BA380010391B /* Assets.xcassets in Resources */ = {isa = PBXBuildFile; fileRef = 880259512A25BA380010391B /* Assets.xcassets */; };
		880259552A25BA380010391B /* Preview Assets.xcassets in Resources */ = {isa = PBXBuildFile; fileRef = 880259542A25BA380010391B /* Preview Assets.xcassets */; };
		880259622A25BBB70010391B /* FrontPage.swift in Sources */ = {isa = PBXBuildFile; fileRef = 880259612A25BBB70010391B /* FrontPage.swift */; };
		880259662A25BC2F0010391B /* BrowseExercises.swift in Sources */ = {isa = PBXBuildFile; fileRef = 880259652A25BC2F0010391B /* BrowseExercises.swift */; };
		8802596B2A26E3420010391B /* backgroundvideo.mp4 in Resources */ = {isa = PBXBuildFile; fileRef = 8802596A2A26DEF10010391B /* backgroundvideo.mp4 */; };
		8882BBB02A2C6C6D0046F703 /* WorkoutDataEntity.xcdatamodeld in Sources */ = {isa = PBXBuildFile; fileRef = 8882BBAE2A2C6C6D0046F703 /* WorkoutDataEntity.xcdatamodeld */; };
		889198952A2C0B2800ECC89E /* CalendarView.swift in Sources */ = {isa = PBXBuildFile; fileRef = 889198942A2C0B2800ECC89E /* CalendarView.swift */; };
		889A51C22A2C6F6100D16F1D /* DataController.swift in Sources */ = {isa = PBXBuildFile; fileRef = 889A51C12A2C6F6100D16F1D /* DataController.swift */; };
		88C7EEAC2A31273500D06869 /* UIImageTransformer.swift in Sources */ = {isa = PBXBuildFile; fileRef = 88C7EEAB2A31273500D06869 /* UIImageTransformer.swift */; };
		88C7EEB22A31288900D06869 /* WorkoutData.swift in Sources */ = {isa = PBXBuildFile; fileRef = 88C7EEB12A31288900D06869 /* WorkoutData.swift */; };
		88E7E40F2A27AD0300AF8D63 /* ExercisesData.swift in Sources */ = {isa = PBXBuildFile; fileRef = 88E7E40E2A27AD0300AF8D63 /* ExercisesData.swift */; };
		88E7E4132A27B6F700AF8D63 /* ExcerciseCardView.swift in Sources */ = {isa = PBXBuildFile; fileRef = 88E7E4122A27B6F700AF8D63 /* ExcerciseCardView.swift */; };
		88E7E4172A28095700AF8D63 /* ExcerciseInfoView.swift in Sources */ = {isa = PBXBuildFile; fileRef = 88E7E4162A28095700AF8D63 /* ExcerciseInfoView.swift */; };
		88E7E4192A282DD500AF8D63 /* ViewWorkouts.swift in Sources */ = {isa = PBXBuildFile; fileRef = 88E7E4182A282DD500AF8D63 /* ViewWorkouts.swift */; };
		88E7E41B2A2834B300AF8D63 /* WorkoutStruct.swift in Sources */ = {isa = PBXBuildFile; fileRef = 88E7E41A2A2834B300AF8D63 /* WorkoutStruct.swift */; };
		88E7E41D2A290D4300AF8D63 /* WorkoutView.swift in Sources */ = {isa = PBXBuildFile; fileRef = 88E7E41C2A290D4300AF8D63 /* WorkoutView.swift */; };
		88E7E41F2A297F6200AF8D63 /* WorkoutExcerciseInfoView.swift in Sources */ = {isa = PBXBuildFile; fileRef = 88E7E41E2A297F6200AF8D63 /* WorkoutExcerciseInfoView.swift */; };
		88E7E4212A2AD42500AF8D63 /* EndWorkoutView.swift in Sources */ = {isa = PBXBuildFile; fileRef = 88E7E4202A2AD42500AF8D63 /* EndWorkoutView.swift */; };
		88E7E4232A2ADA5A00AF8D63 /* CameraView.swift in Sources */ = {isa = PBXBuildFile; fileRef = 88E7E4222A2ADA5A00AF8D63 /* CameraView.swift */; };
		88E7E4262A2AE19500AF8D63 /* ViewStats.swift in Sources */ = {isa = PBXBuildFile; fileRef = 88E7E4252A2AE19500AF8D63 /* ViewStats.swift */; };
/* End PBXBuildFile section */

/* Begin PBXCopyFilesBuildPhase section */
		8882BBAA2A2C6A4C0046F703 /* Embed Frameworks */ = {
			isa = PBXCopyFilesBuildPhase;
			buildActionMask = 2147483647;
			dstPath = "";
			dstSubfolderSpec = 10;
			files = (
			);
			name = "Embed Frameworks";
			runOnlyForDeploymentPostprocessing = 0;
		};
/* End PBXCopyFilesBuildPhase section */

/* Begin PBXFileReference section */
		8802594D2A25BA370010391B /* Workout_TrainingApp.swift */ = {isa = PBXFileReference; lastKnownFileType = sourcecode.swift; path = Workout_TrainingApp.swift; sourceTree = "<group>"; };
		880259512A25BA380010391B /* Assets.xcassets */ = {isa = PBXFileReference; lastKnownFileType = folder.assetcatalog; path = Assets.xcassets; sourceTree = "<group>"; };
		880259542A25BA380010391B /* Preview Assets.xcassets */ = {isa = PBXFileReference; lastKnownFileType = folder.assetcatalog; path = "Preview Assets.xcassets"; sourceTree = "<group>"; };
		880259612A25BBB70010391B /* FrontPage.swift */ = {isa = PBXFileReference; lastKnownFileType = sourcecode.swift; path = FrontPage.swift; sourceTree = "<group>"; };
		880259652A25BC2F0010391B /* BrowseExercises.swift */ = {isa = PBXFileReference; lastKnownFileType = sourcecode.swift; path = BrowseExercises.swift; sourceTree = "<group>"; };
		8802596A2A26DEF10010391B /* backgroundvideo.mp4 */ = {isa = PBXFileReference; lastKnownFileType = file; name = backgroundvideo.mp4; path = ../../../../Downloads/backgroundvideo.mp4; sourceTree = "<group>"; };
		8882BBAF2A2C6C6D0046F703 /* DatabaseWorkout.xcdatamodel */ = {isa = PBXFileReference; lastKnownFileType = wrapper.xcdatamodel; path = DatabaseWorkout.xcdatamodel; sourceTree = "<group>"; };
		889198942A2C0B2800ECC89E /* CalendarView.swift */ = {isa = PBXFileReference; lastKnownFileType = sourcecode.swift; path = CalendarView.swift; sourceTree = "<group>"; };
		889A51C02A2C6EB100D16F1D /* Workout Training.app */ = {isa = PBXFileReference; explicitFileType = wrapper.application; includeInIndex = 0; name = "Workout Training.app"; path = "/Users/tommasocastellanza/Workout Training/build/Debug-iphoneos/Workout Training.app"; sourceTree = "<absolute>"; };
		889A51C12A2C6F6100D16F1D /* DataController.swift */ = {isa = PBXFileReference; lastKnownFileType = sourcecode.swift; path = DataController.swift; sourceTree = "<group>"; };
		88C7EEAB2A31273500D06869 /* UIImageTransformer.swift */ = {isa = PBXFileReference; lastKnownFileType = sourcecode.swift; path = UIImageTransformer.swift; sourceTree = "<group>"; };
		88C7EEB12A31288900D06869 /* WorkoutData.swift */ = {isa = PBXFileReference; lastKnownFileType = sourcecode.swift; path = WorkoutData.swift; sourceTree = "<group>"; };
		88E7E40E2A27AD0300AF8D63 /* ExercisesData.swift */ = {isa = PBXFileReference; lastKnownFileType = sourcecode.swift; path = ExercisesData.swift; sourceTree = "<group>"; };
		88E7E4122A27B6F700AF8D63 /* ExcerciseCardView.swift */ = {isa = PBXFileReference; lastKnownFileType = sourcecode.swift; path = ExcerciseCardView.swift; sourceTree = "<group>"; };
		88E7E4162A28095700AF8D63 /* ExcerciseInfoView.swift */ = {isa = PBXFileReference; lastKnownFileType = sourcecode.swift; path = ExcerciseInfoView.swift; sourceTree = "<group>"; };
		88E7E4182A282DD500AF8D63 /* ViewWorkouts.swift */ = {isa = PBXFileReference; lastKnownFileType = sourcecode.swift; path = ViewWorkouts.swift; sourceTree = "<group>"; };
		88E7E41A2A2834B300AF8D63 /* WorkoutStruct.swift */ = {isa = PBXFileReference; lastKnownFileType = sourcecode.swift; path = WorkoutStruct.swift; sourceTree = "<group>"; };
		88E7E41C2A290D4300AF8D63 /* WorkoutView.swift */ = {isa = PBXFileReference; lastKnownFileType = sourcecode.swift; path = WorkoutView.swift; sourceTree = "<group>"; };
		88E7E41E2A297F6200AF8D63 /* WorkoutExcerciseInfoView.swift */ = {isa = PBXFileReference; fileEncoding = 4; lastKnownFileType = sourcecode.swift; path = WorkoutExcerciseInfoView.swift; sourceTree = "<group>"; };
		88E7E4202A2AD42500AF8D63 /* EndWorkoutView.swift */ = {isa = PBXFileReference; lastKnownFileType = sourcecode.swift; path = EndWorkoutView.swift; sourceTree = "<group>"; };
		88E7E4222A2ADA5A00AF8D63 /* CameraView.swift */ = {isa = PBXFileReference; lastKnownFileType = sourcecode.swift; path = CameraView.swift; sourceTree = "<group>"; };
		88E7E4252A2AE19500AF8D63 /* ViewStats.swift */ = {isa = PBXFileReference; lastKnownFileType = sourcecode.swift; path = ViewStats.swift; sourceTree = "<group>"; };
/* End PBXFileReference section */

/* Begin PBXFrameworksBuildPhase section */
		880259472A25BA370010391B /* Frameworks */ = {
			isa = PBXFrameworksBuildPhase;
			buildActionMask = 2147483647;
			files = (
			);
			runOnlyForDeploymentPostprocessing = 0;
		};
/* End PBXFrameworksBuildPhase section */

/* Begin PBXGroup section */
		880259412A25BA370010391B = {
			isa = PBXGroup;
			children = (
				8802594C2A25BA370010391B /* Workout Training */,
			);
			sourceTree = "<group>";
		};
		8802594C2A25BA370010391B /* Workout Training */ = {
			isa = PBXGroup;
			children = (
				8802594D2A25BA370010391B /* Workout_TrainingApp.swift */,
				8802595B2A25BADE0010391B /* Views */,
				8802595F2A25BB530010391B /* ViewModels */,
				880259602A25BB840010391B /* Models */,
				880259512A25BA380010391B /* Assets.xcassets */,
				880259532A25BA380010391B /* Preview Content */,
			);
			path = "Workout Training";
			sourceTree = "<group>";
		};
		880259532A25BA380010391B /* Preview Content */ = {
			isa = PBXGroup;
			children = (
				880259542A25BA380010391B /* Preview Assets.xcassets */,
			);
			path = "Preview Content";
			sourceTree = "<group>";
		};
		8802595B2A25BADE0010391B /* Views */ = {
			isa = PBXGroup;
			children = (
				8802595C2A25BAF90010391B /* Main */,
				8802595D2A25BB160010391B /* Detail */,
				8802595E2A25BB1F0010391B /* Components */,
			);
			path = Views;
			sourceTree = "<group>";
		};
		8802595C2A25BAF90010391B /* Main */ = {
			isa = PBXGroup;
			children = (
				8802596A2A26DEF10010391B /* backgroundvideo.mp4 */,
				880259612A25BBB70010391B /* FrontPage.swift */,
				880259652A25BC2F0010391B /* BrowseExercises.swift */,
				88E7E40E2A27AD0300AF8D63 /* ExercisesData.swift */,
				88E7E41A2A2834B300AF8D63 /* WorkoutStruct.swift */,
				88E7E41C2A290D4300AF8D63 /* WorkoutView.swift */,
				88E7E4252A2AE19500AF8D63 /* ViewStats.swift */,
			);
			path = Main;
			sourceTree = "<group>";
		};
		8802595D2A25BB160010391B /* Detail */ = {
			isa = PBXGroup;
			children = (
				8882BBAE2A2C6C6D0046F703 /* WorkoutDataEntity.xcdatamodeld */,
				889A51C12A2C6F6100D16F1D /* DataController.swift */,
				88C7EEAB2A31273500D06869 /* UIImageTransformer.swift */,
				88C7EEB12A31288900D06869 /* WorkoutData.swift */,
			);
			path = Detail;
			sourceTree = "<group>";
		};
		8802595E2A25BB1F0010391B /* Components */ = {
			isa = PBXGroup;
			children = (
				88E7E4122A27B6F700AF8D63 /* ExcerciseCardView.swift */,
				88E7E4162A28095700AF8D63 /* ExcerciseInfoView.swift */,
				88E7E41E2A297F6200AF8D63 /* WorkoutExcerciseInfoView.swift */,
				88E7E4182A282DD500AF8D63 /* ViewWorkouts.swift */,
				88E7E4202A2AD42500AF8D63 /* EndWorkoutView.swift */,
				88E7E4222A2ADA5A00AF8D63 /* CameraView.swift */,
				889198942A2C0B2800ECC89E /* CalendarView.swift */,
			);
			path = Components;
			sourceTree = "<group>";
		};
		8802595F2A25BB530010391B /* ViewModels */ = {
			isa = PBXGroup;
			children = (
			);
			path = ViewModels;
			sourceTree = "<group>";
		};
		880259602A25BB840010391B /* Models */ = {
			isa = PBXGroup;
			children = (
			);
			path = Models;
			sourceTree = "<group>";
		};
/* End PBXGroup section */

/* Begin PBXNativeTarget section */
		880259492A25BA370010391B /* Workout Training */ = {
			isa = PBXNativeTarget;
			buildConfigurationList = 880259582A25BA380010391B /* Build configuration list for PBXNativeTarget "Workout Training" */;
			buildPhases = (
				880259462A25BA370010391B /* Sources */,
				880259472A25BA370010391B /* Frameworks */,
				880259482A25BA370010391B /* Resources */,
				8882BBAA2A2C6A4C0046F703 /* Embed Frameworks */,
			);
			buildRules = (
			);
			dependencies = (
			);
			name = "Workout Training";
			productName = "Workout Training";
			productReference = 889A51C02A2C6EB100D16F1D /* Workout Training.app */;
			productType = "com.apple.product-type.application";
		};
/* End PBXNativeTarget section */

/* Begin PBXProject section */
		880259422A25BA370010391B /* Project object */ = {
			isa = PBXProject;
			attributes = {
				BuildIndependentTargetsInParallel = 1;
				LastSwiftUpdateCheck = 1430;
				LastUpgradeCheck = 1430;
				TargetAttributes = {
					880259492A25BA370010391B = {
						CreatedOnToolsVersion = 14.3;
					};
				};
			};
			buildConfigurationList = 880259452A25BA370010391B /* Build configuration list for PBXProject "Workout Training" */;
			compatibilityVersion = "Xcode 14.0";
			developmentRegion = en;
			hasScannedForEncodings = 0;
			knownRegions = (
				en,
				Base,
			);
			mainGroup = 880259412A25BA370010391B;
			productRefGroup = 880259412A25BA370010391B;
			projectDirPath = "";
			projectRoot = "";
			targets = (
				880259492A25BA370010391B /* Workout Training */,
			);
		};
/* End PBXProject section */

/* Begin PBXResourcesBuildPhase section */
		880259482A25BA370010391B /* Resources */ = {
			isa = PBXResourcesBuildPhase;
			buildActionMask = 2147483647;
			files = (
				880259552A25BA380010391B /* Preview Assets.xcassets in Resources */,
				880259522A25BA380010391B /* Assets.xcassets in Resources */,
				8802596B2A26E3420010391B /* backgroundvideo.mp4 in Resources */,
			);
			runOnlyForDeploymentPostprocessing = 0;
		};
/* End PBXResourcesBuildPhase section */

/* Begin PBXSourcesBuildPhase section */
		880259462A25BA370010391B /* Sources */ = {
			isa = PBXSourcesBuildPhase;
			buildActionMask = 2147483647;
			files = (
				88E7E41F2A297F6200AF8D63 /* WorkoutExcerciseInfoView.swift in Sources */,
				88E7E4132A27B6F700AF8D63 /* ExcerciseCardView.swift in Sources */,
				8802594E2A25BA370010391B /* Workout_TrainingApp.swift in Sources */,
				88E7E4212A2AD42500AF8D63 /* EndWorkoutView.swift in Sources */,
				88E7E4172A28095700AF8D63 /* ExcerciseInfoView.swift in Sources */,
				88E7E41D2A290D4300AF8D63 /* WorkoutView.swift in Sources */,
				880259662A25BC2F0010391B /* BrowseExercises.swift in Sources */,
				88C7EEAC2A31273500D06869 /* UIImageTransformer.swift in Sources */,
				88E7E41B2A2834B300AF8D63 /* WorkoutStruct.swift in Sources */,
				889198952A2C0B2800ECC89E /* CalendarView.swift in Sources */,
				88E7E4232A2ADA5A00AF8D63 /* CameraView.swift in Sources */,
				880259622A25BBB70010391B /* FrontPage.swift in Sources */,
				88C7EEB22A31288900D06869 /* WorkoutData.swift in Sources */,
				88E7E4192A282DD500AF8D63 /* ViewWorkouts.swift in Sources */,
				88E7E4262A2AE19500AF8D63 /* ViewStats.swift in Sources */,
				8882BBB02A2C6C6D0046F703 /* WorkoutDataEntity.xcdatamodeld in Sources */,
				88E7E40F2A27AD0300AF8D63 /* ExercisesData.swift in Sources */,
				889A51C22A2C6F6100D16F1D /* DataController.swift in Sources */,
			);
			runOnlyForDeploymentPostprocessing = 0;
		};
/* End PBXSourcesBuildPhase section */

/* Begin XCBuildConfiguration section */
		880259562A25BA380010391B /* Debug */ = {
			isa = XCBuildConfiguration;
			buildSettings = {
				ALWAYS_SEARCH_USER_PATHS = NO;
				CLANG_ANALYZER_NONNULL = YES;
				CLANG_ANALYZER_NUMBER_OBJECT_CONVERSION = YES_AGGRESSIVE;
				CLANG_CXX_LANGUAGE_STANDARD = "gnu++20";
				CLANG_ENABLE_MODULES = YES;
				CLANG_ENABLE_OBJC_ARC = YES;
				CLANG_ENABLE_OBJC_WEAK = YES;
				CLANG_WARN_BLOCK_CAPTURE_AUTORELEASING = YES;
				CLANG_WARN_BOOL_CONVERSION = YES;
				CLANG_WARN_COMMA = YES;
				CLANG_WARN_CONSTANT_CONVERSION = YES;
				CLANG_WARN_DEPRECATED_OBJC_IMPLEMENTATIONS = YES;
				CLANG_WARN_DIRECT_OBJC_ISA_USAGE = YES_ERROR;
				CLANG_WARN_DOCUMENTATION_COMMENTS = YES;
				CLANG_WARN_EMPTY_BODY = YES;
				CLANG_WARN_ENUM_CONVERSION = YES;
				CLANG_WARN_INFINITE_RECURSION = YES;
				CLANG_WARN_INT_CONVERSION = YES;
				CLANG_WARN_NON_LITERAL_NULL_CONVERSION = YES;
				CLANG_WARN_OBJC_IMPLICIT_RETAIN_SELF = YES;
				CLANG_WARN_OBJC_LITERAL_CONVERSION = YES;
				CLANG_WARN_OBJC_ROOT_CLASS = YES_ERROR;
				CLANG_WARN_QUOTED_INCLUDE_IN_FRAMEWORK_HEADER = YES;
				CLANG_WARN_RANGE_LOOP_ANALYSIS = YES;
				CLANG_WARN_STRICT_PROTOTYPES = YES;
				CLANG_WARN_SUSPICIOUS_MOVE = YES;
				CLANG_WARN_UNGUARDED_AVAILABILITY = YES_AGGRESSIVE;
				CLANG_WARN_UNREACHABLE_CODE = YES;
				CLANG_WARN__DUPLICATE_METHOD_MATCH = YES;
				COPY_PHASE_STRIP = NO;
				DEBUG_INFORMATION_FORMAT = dwarf;
				ENABLE_STRICT_OBJC_MSGSEND = YES;
				ENABLE_TESTABILITY = YES;
				GCC_C_LANGUAGE_STANDARD = gnu11;
				GCC_DYNAMIC_NO_PIC = NO;
				GCC_NO_COMMON_BLOCKS = YES;
				GCC_OPTIMIZATION_LEVEL = 0;
				GCC_PREPROCESSOR_DEFINITIONS = (
					"DEBUG=1",
					"$(inherited)",
				);
				GCC_WARN_64_TO_32_BIT_CONVERSION = YES;
				GCC_WARN_ABOUT_RETURN_TYPE = YES_ERROR;
				GCC_WARN_UNDECLARED_SELECTOR = YES;
				GCC_WARN_UNINITIALIZED_AUTOS = YES_AGGRESSIVE;
				GCC_WARN_UNUSED_FUNCTION = YES;
				GCC_WARN_UNUSED_VARIABLE = YES;
				IPHONEOS_DEPLOYMENT_TARGET = 16.4;
				MTL_ENABLE_DEBUG_INFO = INCLUDE_SOURCE;
				MTL_FAST_MATH = YES;
				ONLY_ACTIVE_ARCH = YES;
				SDKROOT = iphoneos;
				SWIFT_ACTIVE_COMPILATION_CONDITIONS = DEBUG;
				SWIFT_OPTIMIZATION_LEVEL = "-Onone";
			};
			name = Debug;
		};
		880259572A25BA380010391B /* Release */ = {
			isa = XCBuildConfiguration;
			buildSettings = {
				ALWAYS_SEARCH_USER_PATHS = NO;
				CLANG_ANALYZER_NONNULL = YES;
				CLANG_ANALYZER_NUMBER_OBJECT_CONVERSION = YES_AGGRESSIVE;
				CLANG_CXX_LANGUAGE_STANDARD = "gnu++20";
				CLANG_ENABLE_MODULES = YES;
				CLANG_ENABLE_OBJC_ARC = YES;
				CLANG_ENABLE_OBJC_WEAK = YES;
				CLANG_WARN_BLOCK_CAPTURE_AUTORELEASING = YES;
				CLANG_WARN_BOOL_CONVERSION = YES;
				CLANG_WARN_COMMA = YES;
				CLANG_WARN_CONSTANT_CONVERSION = YES;
				CLANG_WARN_DEPRECATED_OBJC_IMPLEMENTATIONS = YES;
				CLANG_WARN_DIRECT_OBJC_ISA_USAGE = YES_ERROR;
				CLANG_WARN_DOCUMENTATION_COMMENTS = YES;
				CLANG_WARN_EMPTY_BODY = YES;
				CLANG_WARN_ENUM_CONVERSION = YES;
				CLANG_WARN_INFINITE_RECURSION = YES;
				CLANG_WARN_INT_CONVERSION = YES;
				CLANG_WARN_NON_LITERAL_NULL_CONVERSION = YES;
				CLANG_WARN_OBJC_IMPLICIT_RETAIN_SELF = YES;
				CLANG_WARN_OBJC_LITERAL_CONVERSION = YES;
				CLANG_WARN_OBJC_ROOT_CLASS = YES_ERROR;
				CLANG_WARN_QUOTED_INCLUDE_IN_FRAMEWORK_HEADER = YES;
				CLANG_WARN_RANGE_LOOP_ANALYSIS = YES;
				CLANG_WARN_STRICT_PROTOTYPES = YES;
				CLANG_WARN_SUSPICIOUS_MOVE = YES;
				CLANG_WARN_UNGUARDED_AVAILABILITY = YES_AGGRESSIVE;
				CLANG_WARN_UNREACHABLE_CODE = YES;
				CLANG_WARN__DUPLICATE_METHOD_MATCH = YES;
				COPY_PHASE_STRIP = NO;
				DEBUG_INFORMATION_FORMAT = "dwarf-with-dsym";
				ENABLE_NS_ASSERTIONS = NO;
				ENABLE_STRICT_OBJC_MSGSEND = YES;
				GCC_C_LANGUAGE_STANDARD = gnu11;
				GCC_NO_COMMON_BLOCKS = YES;
				GCC_WARN_64_TO_32_BIT_CONVERSION = YES;
				GCC_WARN_ABOUT_RETURN_TYPE = YES_ERROR;
				GCC_WARN_UNDECLARED_SELECTOR = YES;
				GCC_WARN_UNINITIALIZED_AUTOS = YES_AGGRESSIVE;
				GCC_WARN_UNUSED_FUNCTION = YES;
				GCC_WARN_UNUSED_VARIABLE = YES;
				IPHONEOS_DEPLOYMENT_TARGET = 16.4;
				MTL_ENABLE_DEBUG_INFO = NO;
				MTL_FAST_MATH = YES;
				SDKROOT = iphoneos;
				SWIFT_COMPILATION_MODE = wholemodule;
				SWIFT_OPTIMIZATION_LEVEL = "-O";
				VALIDATE_PRODUCT = YES;
			};
			name = Release;
		};
		880259592A25BA380010391B /* Debug */ = {
			isa = XCBuildConfiguration;
			buildSettings = {
				ASSETCATALOG_COMPILER_APPICON_NAME = AppIcon;
				"ASSETCATALOG_COMPILER_APPICON_NAME[sdk=iphoneos*]" = AppIcon;
				ASSETCATALOG_COMPILER_GLOBAL_ACCENT_COLOR_NAME = AccentColor;
				ASSETCATALOG_COMPILER_INCLUDE_ALL_APPICON_ASSETS = YES;
				CODE_SIGN_STYLE = Automatic;
				CURRENT_PROJECT_VERSION = 1;
				DEVELOPMENT_ASSET_PATHS = "\"Workout Training/Preview Content\"";
				DEVELOPMENT_TEAM = KKU7VM8F6J;
				ENABLE_PREVIEWS = YES;
				GENERATE_INFOPLIST_FILE = YES;
				INFOPLIST_FILE = "Workout-Training-Info.plist";
				INFOPLIST_KEY_CFBundleDisplayName = "Workout Training";
				INFOPLIST_KEY_LSApplicationCategoryType = "public.app-category.sports";
				INFOPLIST_KEY_NSCameraUsageDescription = "";
				INFOPLIST_KEY_UIApplicationSceneManifest_Generation = YES;
				INFOPLIST_KEY_UIApplicationSupportsIndirectInputEvents = YES;
				INFOPLIST_KEY_UILaunchScreen_Generation = YES;
				INFOPLIST_KEY_UISupportedInterfaceOrientations_iPad = "UIInterfaceOrientationPortrait UIInterfaceOrientationPortraitUpsideDown UIInterfaceOrientationLandscapeLeft UIInterfaceOrientationLandscapeRight";
				INFOPLIST_KEY_UISupportedInterfaceOrientations_iPhone = "UIInterfaceOrientationPortrait UIInterfaceOrientationLandscapeLeft UIInterfaceOrientationLandscapeRight";
				LD_RUNPATH_SEARCH_PATHS = (
					"$(inherited)",
					"@executable_path/Frameworks",
				);
				MARKETING_VERSION = 1.0;
				PRODUCT_BUNDLE_IDENTIFIER = "T.Workout-Training";
				PRODUCT_NAME = "$(TARGET_NAME)";
				SWIFT_EMIT_LOC_STRINGS = YES;
				SWIFT_VERSION = 5.0;
				TARGETED_DEVICE_FAMILY = "1,2";
			};
			name = Debug;
		};
		8802595A2A25BA380010391B /* Release */ = {
			isa = XCBuildConfiguration;
			buildSettings = {
				ASSETCATALOG_COMPILER_APPICON_NAME = AppIcon;
				"ASSETCATALOG_COMPILER_APPICON_NAME[sdk=iphoneos*]" = AppIcon;
				ASSETCATALOG_COMPILER_GLOBAL_ACCENT_COLOR_NAME = AccentColor;
				ASSETCATALOG_COMPILER_INCLUDE_ALL_APPICON_ASSETS = YES;
				CODE_SIGN_STYLE = Automatic;
				CURRENT_PROJECT_VERSION = 1;
				DEVELOPMENT_ASSET_PATHS = "\"Workout Training/Preview Content\"";
				DEVELOPMENT_TEAM = KKU7VM8F6J;
				ENABLE_PREVIEWS = YES;
				GENERATE_INFOPLIST_FILE = YES;
				INFOPLIST_FILE = "Workout-Training-Info.plist";
				INFOPLIST_KEY_CFBundleDisplayName = "Workout Training";
				INFOPLIST_KEY_LSApplicationCategoryType = "public.app-category.sports";
				INFOPLIST_KEY_NSCameraUsageDescription = "";
				INFOPLIST_KEY_UIApplicationSceneManifest_Generation = YES;
				INFOPLIST_KEY_UIApplicationSupportsIndirectInputEvents = YES;
				INFOPLIST_KEY_UILaunchScreen_Generation = YES;
				INFOPLIST_KEY_UISupportedInterfaceOrientations_iPad = "UIInterfaceOrientationPortrait UIInterfaceOrientationPortraitUpsideDown UIInterfaceOrientationLandscapeLeft UIInterfaceOrientationLandscapeRight";
				INFOPLIST_KEY_UISupportedInterfaceOrientations_iPhone = "UIInterfaceOrientationPortrait UIInterfaceOrientationLandscapeLeft UIInterfaceOrientationLandscapeRight";
				LD_RUNPATH_SEARCH_PATHS = (
					"$(inherited)",
					"@executable_path/Frameworks",
				);
				MARKETING_VERSION = 1.0;
				PRODUCT_BUNDLE_IDENTIFIER = "T.Workout-Training";
				PRODUCT_NAME = "$(TARGET_NAME)";
				SWIFT_EMIT_LOC_STRINGS = YES;
				SWIFT_VERSION = 5.0;
				TARGETED_DEVICE_FAMILY = "1,2";
			};
			name = Release;
		};
/* End XCBuildConfiguration section */

/* Begin XCConfigurationList section */
		880259452A25BA370010391B /* Build configuration list for PBXProject "Workout Training" */ = {
			isa = XCConfigurationList;
			buildConfigurations = (
				880259562A25BA380010391B /* Debug */,
				880259572A25BA380010391B /* Release */,
			);
			defaultConfigurationIsVisible = 0;
			defaultConfigurationName = Release;
		};
		880259582A25BA380010391B /* Build configuration list for PBXNativeTarget "Workout Training" */ = {
			isa = XCConfigurationList;
			buildConfigurations = (
				880259592A25BA380010391B /* Debug */,
				8802595A2A25BA380010391B /* Release */,
			);
			defaultConfigurationIsVisible = 0;
			defaultConfigurationName = Release;
		};
/* End XCConfigurationList section */

/* Begin XCVersionGroup section */
		8882BBAE2A2C6C6D0046F703 /* WorkoutDataEntity.xcdatamodeld */ = {
			isa = XCVersionGroup;
			children = (
				8882BBAF2A2C6C6D0046F703 /* DatabaseWorkout.xcdatamodel */,
			);
			currentVersion = 8882BBAF2A2C6C6D0046F703 /* DatabaseWorkout.xcdatamodel */;
			path = WorkoutDataEntity.xcdatamodeld;
			sourceTree = "<group>";
			versionGroupType = wrapper.xcdatamodel;
		};
/* End XCVersionGroup section */
	};
	rootObject = 880259422A25BA370010391B /* Project object */;
}
